github.com/nickwells/english.mod v1.2.2 h1:qHJp6G1Td89VWe/bsr7u9eWerPr/g150jJrYcSp9gMw=
github.com/nickwells/english.mod v1.2.2/go.mod h1:e8pSZgZ+3ezlUc2z/KIK5wbWpx7Quta9Gx1OC01z2wk=
github.com/nickwells/testhelper.mod/v2 v2.4.0 h1:s63MRNXGqO3hiWg2Kg4vtPVpZlNI2yutvfQWDZUuHRs=
github.com/nickwells/testhelper.mod/v2 v2.4.0/go.mod h1:sqfsJGl4kHsjaFeHMnitr54GVR5GWX6RN693zSPonOg=
golang.org/x/exp v0.0.0-20250606033433-dcc06ee1d476 h1:bsqhLWFR6G6xiQcb+JoGqdKdRU6WzPWmK8E0jxTjzo4=
golang.org/x/exp v0.0.0-20250606033433-dcc06ee1d476/go.mod h1:3//PLf8L/X+8b4vuAfHzxeRUl04Adcb341+IGKfnqS8=
