github.com/nickwells/english.mod v1.2.4 h1:DYAP2EWCgH37yj5rrF4NfmsfbCUI9I57srTrH916cm8=
github.com/nickwells/english.mod v1.2.4/go.mod h1:P/uGJiBMuyRfm95nZoew770FdtKU/IFKhi7adUMe1qw=
github.com/nickwells/testhelper.mod/v2 v2.4.2 h1:ymEgxs2HcfmGXYpVUf/jS4srndWiOPLHaGKaU0KwpsQ=
github.com/nickwells/testhelper.mod/v2 v2.4.2/go.mod h1:VKA7xmqXuyzdnDRWUJlKiOte5sDUfGDYyDa6Sk0sF7w=
golang.org/x/exp v0.0.0-20250711185948-6ae5c78190dc h1:TS73t7x3KarrNd5qAipmspBDS1rkMcgVG/fS1aRb4Rc=
golang.org/x/exp v0.0.0-20250711185948-6ae5c78190dc/go.mod h1:A+z0yzpGtvnG90cToK5n2tu8UJVP2XUATh+r+sfOOOc=
